
Microsoft Visual Studio Solution File, Format Version 12.00
# Visual Studio 15
VisualStudioVersion = 15.0.27004.2002
MinimumVisualStudioVersion = 10.0.40219.1
Project("{FAE04EC0-301F-11D3-BF4B-00C04F79EFBC}") = "AlienEngine", "AlienEngine\AlienEngine.csproj", "{45FAC79C-A5CD-4341-8A9B-20725F3E01B9}"
EndProject
Project("{2150E333-8FDC-42A3-9474-1A3956D46DE8}") = "AlienEngine.Tests", "AlienEngine.Tests", "{E489D738-CB7D-4FCD-8218-D200C81F1C7A}"
EndProject
Project("{FAE04EC0-301F-11D3-BF4B-00C04F79EFBC}") = "Test.Physics", "AlienEngine.Tests\Test.Physics\Test.Physics.csproj", "{CEBD6F15-8453-4B41-8683-876B08D88A3C}"
EndProject
Project("{FAE04EC0-301F-11D3-BF4B-00C04F79EFBC}") = "Test.UI", "Test.UI2\Test.UI.csproj", "{D472D8C8-BB44-450F-BF46-9DA99B82EA28}"
EndProject
Global
	GlobalSection(SolutionConfigurationPlatforms) = preSolution
		Debug Linux|Any CPU = Debug Linux|Any CPU
		Debug Linux|x64 = Debug Linux|x64
		Debug Linux|x86 = Debug Linux|x86
		Debug|Any CPU = Debug|Any CPU
		Debug|x64 = Debug|x64
		Debug|x86 = Debug|x86
		Release|Any CPU = Release|Any CPU
		Release|x64 = Release|x64
		Release|x86 = Release|x86
	EndGlobalSection
	GlobalSection(ProjectConfigurationPlatforms) = postSolution
		{45FAC79C-A5CD-4341-8A9B-20725F3E01B9}.Debug Linux|Any CPU.ActiveCfg = Debug Linux|Any CPU
		{45FAC79C-A5CD-4341-8A9B-20725F3E01B9}.Debug Linux|Any CPU.Build.0 = Debug Linux|Any CPU
		{45FAC79C-A5CD-4341-8A9B-20725F3E01B9}.Debug Linux|x64.ActiveCfg = Debug Linux|x64
		{45FAC79C-A5CD-4341-8A9B-20725F3E01B9}.Debug Linux|x64.Build.0 = Debug Linux|x64
		{45FAC79C-A5CD-4341-8A9B-20725F3E01B9}.Debug Linux|x86.ActiveCfg = Debug Linux|x86
		{45FAC79C-A5CD-4341-8A9B-20725F3E01B9}.Debug Linux|x86.Build.0 = Debug Linux|x86
		{45FAC79C-A5CD-4341-8A9B-20725F3E01B9}.Debug|Any CPU.ActiveCfg = Debug|Any CPU
		{45FAC79C-A5CD-4341-8A9B-20725F3E01B9}.Debug|Any CPU.Build.0 = Debug|Any CPU
		{45FAC79C-A5CD-4341-8A9B-20725F3E01B9}.Debug|x64.ActiveCfg = Debug|x64
		{45FAC79C-A5CD-4341-8A9B-20725F3E01B9}.Debug|x64.Build.0 = Debug|x64
		{45FAC79C-A5CD-4341-8A9B-20725F3E01B9}.Debug|x86.ActiveCfg = Debug|x86
		{45FAC79C-A5CD-4341-8A9B-20725F3E01B9}.Debug|x86.Build.0 = Debug|x86
		{45FAC79C-A5CD-4341-8A9B-20725F3E01B9}.Release|Any CPU.ActiveCfg = Release|Any CPU
		{45FAC79C-A5CD-4341-8A9B-20725F3E01B9}.Release|Any CPU.Build.0 = Release|Any CPU
		{45FAC79C-A5CD-4341-8A9B-20725F3E01B9}.Release|x64.ActiveCfg = Release|x64
		{45FAC79C-A5CD-4341-8A9B-20725F3E01B9}.Release|x64.Build.0 = Release|x64
		{45FAC79C-A5CD-4341-8A9B-20725F3E01B9}.Release|x86.ActiveCfg = Release|x86
		{45FAC79C-A5CD-4341-8A9B-20725F3E01B9}.Release|x86.Build.0 = Release|x86
		{CEBD6F15-8453-4B41-8683-876B08D88A3C}.Debug Linux|Any CPU.ActiveCfg = Debug|Any CPU
		{CEBD6F15-8453-4B41-8683-876B08D88A3C}.Debug Linux|Any CPU.Build.0 = Debug|Any CPU
		{CEBD6F15-8453-4B41-8683-876B08D88A3C}.Debug Linux|x64.ActiveCfg = Debug|Any CPU
		{CEBD6F15-8453-4B41-8683-876B08D88A3C}.Debug Linux|x64.Build.0 = Debug|Any CPU
		{CEBD6F15-8453-4B41-8683-876B08D88A3C}.Debug Linux|x86.ActiveCfg = Debug|Any CPU
		{CEBD6F15-8453-4B41-8683-876B08D88A3C}.Debug Linux|x86.Build.0 = Debug|Any CPU
		{CEBD6F15-8453-4B41-8683-876B08D88A3C}.Debug|Any CPU.ActiveCfg = Debug|Any CPU
		{CEBD6F15-8453-4B41-8683-876B08D88A3C}.Debug|Any CPU.Build.0 = Debug|Any CPU
		{CEBD6F15-8453-4B41-8683-876B08D88A3C}.Debug|x64.ActiveCfg = Debug|x64
		{CEBD6F15-8453-4B41-8683-876B08D88A3C}.Debug|x64.Build.0 = Debug|x64
		{CEBD6F15-8453-4B41-8683-876B08D88A3C}.Debug|x86.ActiveCfg = Debug|Any CPU
		{CEBD6F15-8453-4B41-8683-876B08D88A3C}.Debug|x86.Build.0 = Debug|Any CPU
		{CEBD6F15-8453-4B41-8683-876B08D88A3C}.Release|Any CPU.ActiveCfg = Release|Any CPU
		{CEBD6F15-8453-4B41-8683-876B08D88A3C}.Release|Any CPU.Build.0 = Release|Any CPU
		{CEBD6F15-8453-4B41-8683-876B08D88A3C}.Release|x64.ActiveCfg = Release|Any CPU
		{CEBD6F15-8453-4B41-8683-876B08D88A3C}.Release|x64.Build.0 = Release|Any CPU
		{CEBD6F15-8453-4B41-8683-876B08D88A3C}.Release|x86.ActiveCfg = Release|Any CPU
		{CEBD6F15-8453-4B41-8683-876B08D88A3C}.Release|x86.Build.0 = Release|Any CPU
		{D472D8C8-BB44-450F-BF46-9DA99B82EA28}.Debug Linux|Any CPU.ActiveCfg = Debug|Any CPU
		{D472D8C8-BB44-450F-BF46-9DA99B82EA28}.Debug Linux|Any CPU.Build.0 = Debug|Any CPU
		{D472D8C8-BB44-450F-BF46-9DA99B82EA28}.Debug Linux|x64.ActiveCfg = Debug|Any CPU
		{D472D8C8-BB44-450F-BF46-9DA99B82EA28}.Debug Linux|x64.Build.0 = Debug|Any CPU
		{D472D8C8-BB44-450F-BF46-9DA99B82EA28}.Debug Linux|x86.ActiveCfg = Debug|Any CPU
		{D472D8C8-BB44-450F-BF46-9DA99B82EA28}.Debug Linux|x86.Build.0 = Debug|Any CPU
		{D472D8C8-BB44-450F-BF46-9DA99B82EA28}.Debug|Any CPU.ActiveCfg = Debug|Any CPU
		{D472D8C8-BB44-450F-BF46-9DA99B82EA28}.Debug|Any CPU.Build.0 = Debug|Any CPU
		{D472D8C8-BB44-450F-BF46-9DA99B82EA28}.Debug|x64.ActiveCfg = Debug|x64
		{D472D8C8-BB44-450F-BF46-9DA99B82EA28}.Debug|x64.Build.0 = Debug|x64
		{D472D8C8-BB44-450F-BF46-9DA99B82EA28}.Debug|x86.ActiveCfg = Debug|Any CPU
		{D472D8C8-BB44-450F-BF46-9DA99B82EA28}.Debug|x86.Build.0 = Debug|Any CPU
		{D472D8C8-BB44-450F-BF46-9DA99B82EA28}.Release|Any CPU.ActiveCfg = Release|Any CPU
		{D472D8C8-BB44-450F-BF46-9DA99B82EA28}.Release|Any CPU.Build.0 = Release|Any CPU
		{D472D8C8-BB44-450F-BF46-9DA99B82EA28}.Release|x64.ActiveCfg = Release|Any CPU
		{D472D8C8-BB44-450F-BF46-9DA99B82EA28}.Release|x64.Build.0 = Release|Any CPU
		{D472D8C8-BB44-450F-BF46-9DA99B82EA28}.Release|x86.ActiveCfg = Release|Any CPU
		{D472D8C8-BB44-450F-BF46-9DA99B82EA28}.Release|x86.Build.0 = Release|Any CPU
	EndGlobalSection
	GlobalSection(SolutionProperties) = preSolution
		HideSolutionNode = FALSE
	EndGlobalSection
	GlobalSection(NestedProjects) = preSolution
		{CEBD6F15-8453-4B41-8683-876B08D88A3C} = {E489D738-CB7D-4FCD-8218-D200C81F1C7A}
		{D472D8C8-BB44-450F-BF46-9DA99B82EA28} = {E489D738-CB7D-4FCD-8218-D200C81F1C7A}
	EndGlobalSection
	GlobalSection(ExtensibilityGlobals) = postSolution
		SolutionGuid = {D5D6141B-ECAB-4320-AA39-724BF9954DE8}
	EndGlobalSection
EndGlobal
