
Microsoft Visual Studio Solution File, Format Version 12.00
# Visual Studio 15
VisualStudioVersion = 15.0.27130.2010
MinimumVisualStudioVersion = 10.0.40219.1
Project("{FAE04EC0-301F-11D3-BF4B-00C04F79EFBC}") = "AlienEngine", "AlienEngine\AlienEngine.csproj", "{45FAC79C-A5CD-4341-8A9B-20725F3E01B9}"
EndProject
Project("{FAE04EC0-301F-11D3-BF4B-00C04F79EFBC}") = "AlienEngine.UnitTest", "AlienEngine.UnitTest\AlienEngine.UnitTest.csproj", "{1E75069D-846F-4E84-A7A0-8F6AA238AB72}"
EndProject
Global
	GlobalSection(SolutionConfigurationPlatforms) = preSolution
		Debug|Any CPU = Debug|Any CPU
		Release|Any CPU = Release|Any CPU
	EndGlobalSection
	GlobalSection(ProjectConfigurationPlatforms) = postSolution
		{45FAC79C-A5CD-4341-8A9B-20725F3E01B9}.Debug|Any CPU.ActiveCfg = Debug|Any CPU
		{45FAC79C-A5CD-4341-8A9B-20725F3E01B9}.Debug|Any CPU.Build.0 = Debug|Any CPU
		{45FAC79C-A5CD-4341-8A9B-20725F3E01B9}.Release|Any CPU.ActiveCfg = Release|Any CPU
		{45FAC79C-A5CD-4341-8A9B-20725F3E01B9}.Release|Any CPU.Build.0 = Release|Any CPU
		{1E75069D-846F-4E84-A7A0-8F6AA238AB72}.Debug|Any CPU.ActiveCfg = Debug|Any CPU
		{1E75069D-846F-4E84-A7A0-8F6AA238AB72}.Debug|Any CPU.Build.0 = Debug|Any CPU
		{1E75069D-846F-4E84-A7A0-8F6AA238AB72}.Release|Any CPU.ActiveCfg = Release|Any CPU
		{1E75069D-846F-4E84-A7A0-8F6AA238AB72}.Release|Any CPU.Build.0 = Release|Any CPU
	EndGlobalSection
	GlobalSection(SolutionProperties) = preSolution
		HideSolutionNode = FALSE
	EndGlobalSection
	GlobalSection(ExtensibilityGlobals) = postSolution
		SolutionGuid = {9BD2642B-5BDA-4949-8EC8-C153CB12140E}
	EndGlobalSection
EndGlobal
